lockfileVersion: '6.0'

settings:
  autoInstallPeers: true
  excludeLinksFromLockfile: false

importers:

  .: {}

  frontend: {}

  packages/example-precompiled: {}

  packages/example-source-only: {}

  server:
    dependencies:
      example-source-only:
        specifier: workspace:^
        version: link:../packages/example-source-only
      zod:
        specifier: ^3.22.4
        version: 3.22.4
    devDependencies:
      '@swc-node/register':
        specifier: ^1.9.0
        version: 1.9.0(@swc/core@1.4.6)(@swc/types@0.1.5)(typescript@5.4.2)
      '@tsconfig/node18':
        specifier: ^18.2.2
        version: 18.2.2
      '@types/node':
        specifier: ^20.11.25
        version: 20.11.25
      ts-node:
        specifier: ^10.9.2
        version: 10.9.2(@swc/core@1.4.6)(@types/node@20.11.25)(typescript@5.4.2)
      typescript:
        specifier: ^5.4.2
        version: 5.4.2

packages:

  /@cspotcode/source-map-support@0.8.1:
    resolution: {integrity: sha512-IchNf6dN4tHoMFIn/7OE8LWZ19Y6q/67Bmf6vnGREv8RSbBVb9LPJxEcnwrcwX6ixSvaiGoomAUvu4YSxXrVgw==}
    engines: {node: '>=12'}
    dependencies:
      '@jridgewell/trace-mapping': 0.3.9
    dev: true

  /@jridgewell/resolve-uri@3.1.2:
    resolution: {integrity: sha512-bRISgCIjP20/tbWSPWMEi54QVPRZExkuD9lJL+UIxUKtwVJA8wW1Trb1jMs1RFXo1CBTNZ/5hpC9QvmKWdopKw==}
    engines: {node: '>=6.0.0'}
    dev: true

  /@jridgewell/sourcemap-codec@1.4.15:
    resolution: {integrity: sha512-eF2rxCRulEKXHTRiDrDy6erMYWqNw4LPdQ8UQA4huuxaQsVeRPFl2oM8oDGxMFhJUWZf9McpLtJasDDZb/Bpeg==}
    dev: true

  /@jridgewell/trace-mapping@0.3.9:
    resolution: {integrity: sha512-3Belt6tdc8bPgAtbcmdtNJlirVoTmEb5e2gC94PnkwEW9jI6CAHUeoG85tjWP5WquqfavoMtMwiG4P926ZKKuQ==}
    dependencies:
      '@jridgewell/resolve-uri': 3.1.2
      '@jridgewell/sourcemap-codec': 1.4.15
    dev: true

  /@swc-node/core@1.13.0(@swc/core@1.4.6)(@swc/types@0.1.5):
    resolution: {integrity: sha512-lFPD4nmy4ifAOVMChFjwlpXN5KQXvegqeyuzz1KQz42q1lf+cL3Qux1/GteGuZjh8HC+Rj1RdNrHpE/MCfJSTw==}
    engines: {node: '>= 10'}
    peerDependencies:
      '@swc/core': '>= 1.3'
      '@swc/types': '>= 0.1'
    dependencies:
      '@swc/core': 1.4.6
      '@swc/types': 0.1.5
    dev: true

  /@swc-node/register@1.9.0(@swc/core@1.4.6)(@swc/types@0.1.5)(typescript@5.4.2):
    resolution: {integrity: sha512-i0iYInD4q5v3xQC6bKvs0QtfUxu197CU5qKALmpxEqTYs7sIhQ7KFLe3kP+eAR4gRkJTvAgjQgrokXLN2jZrOw==}
    peerDependencies:
      '@swc/core': '>= 1.3'
      typescript: '>= 4.3'
    dependencies:
      '@swc-node/core': 1.13.0(@swc/core@1.4.6)(@swc/types@0.1.5)
      '@swc-node/sourcemap-support': 0.5.0
      '@swc/core': 1.4.6
      colorette: 2.0.20
      debug: 4.3.4
      pirates: 4.0.6
      tslib: 2.6.2
      typescript: 5.4.2
    transitivePeerDependencies:
      - '@swc/types'
      - supports-color
    dev: true

  /@swc-node/sourcemap-support@0.5.0:
    resolution: {integrity: sha512-fbhjL5G0YvFoWwNhWleuBUfotiX+USiA9oJqu9STFw+Hb0Cgnddn+HVS/K5fI45mn92e8V+cHD2jgFjk4w2T9Q==}
    dependencies:
      source-map-support: 0.5.21
      tslib: 2.6.2
    dev: true

  /@swc/core-darwin-arm64@1.4.6:
    resolution: {integrity: sha512-bpggpx/BfLFyy48aUKq1PsNUxb7J6CINlpAUk0V4yXfmGnpZH80Gp1pM3GkFDQyCfq7L7IpjPrIjWQwCrL4hYw==}
    engines: {node: '>=10'}
    cpu: [arm64]
    os: [darwin]
    requiresBuild: true
    dev: true
    optional: true

  /@swc/core-darwin-x64@1.4.6:
    resolution: {integrity: sha512-vJn+/ZuBTg+vtNkcmgZdH6FQpa0hFVdnB9bAeqYwKkyqP15zaPe6jfC+qL2y/cIeC7ASvHXEKrnCZgBLxfVQ9w==}
    engines: {node: '>=10'}
    cpu: [x64]
    os: [darwin]
    requiresBuild: true
    dev: true
    optional: true

  /@swc/core-linux-arm-gnueabihf@1.4.6:
    resolution: {integrity: sha512-hEmYcB/9XBAl02MtuVHszhNjQpjBzhk/NFulnU33tBMbNZpy2TN5yTsitezMq090QXdDz8sKIALApDyg07ZR8g==}
    engines: {node: '>=10'}
    cpu: [arm]
    os: [linux]
    requiresBuild: true
    dev: true
    optional: true

  /@swc/core-linux-arm64-gnu@1.4.6:
    resolution: {integrity: sha512-/UCYIVoGpm2YVvGHZM2QOA3dexa28BjcpLAIYnoCbgH5f7ulDhE8FAIO/9pasj+kixDBsdqewHfsNXFYlgGJjQ==}
    engines: {node: '>=10'}
    cpu: [arm64]
    os: [linux]
    requiresBuild: true
    dev: true
    optional: true

  /@swc/core-linux-arm64-musl@1.4.6:
    resolution: {integrity: sha512-LGQsKJ8MA9zZ8xHCkbGkcPSmpkZL2O7drvwsGKynyCttHhpwVjj9lguhD4DWU3+FWIsjvho5Vu0Ggei8OYi/Lw==}
    engines: {node: '>=10'}
    cpu: [arm64]
    os: [linux]
    requiresBuild: true
    dev: true
    optional: true

  /@swc/core-linux-x64-gnu@1.4.6:
    resolution: {integrity: sha512-10JL2nLIreMQDKvq2TECnQe5fCuoqBHu1yW8aChqgHUyg9d7gfZX/kppUsuimqcgRBnS0AjTDAA+JF6UsG/2Yg==}
    engines: {node: '>=10'}
    cpu: [x64]
    os: [linux]
    requiresBuild: true
    dev: true
    optional: true

  /@swc/core-linux-x64-musl@1.4.6:
    resolution: {integrity: sha512-EGyjFVzVY6Do89x8sfah7I3cuP4MwtwzmA6OlfD/KASqfCFf5eIaEBMbajgR41bVfMV7lK72lwAIea5xEyq1AQ==}
    engines: {node: '>=10'}
    cpu: [x64]
    os: [linux]
    requiresBuild: true
    dev: true
    optional: true

  /@swc/core-win32-arm64-msvc@1.4.6:
    resolution: {integrity: sha512-gfW9AuXvwSyK07Vb8Y8E9m2oJZk21WqcD+X4BZhkbKB0TCZK0zk1j/HpS2UFlr1JB2zPKPpSWLU3ll0GEHRG2A==}
    engines: {node: '>=10'}
    cpu: [arm64]
    os: [win32]
    requiresBuild: true
    dev: true
    optional: true

  /@swc/core-win32-ia32-msvc@1.4.6:
    resolution: {integrity: sha512-ZuQm81FhhvNVYtVb9GfZ+Du6e7fZlkisWvuCeBeRiyseNt1tcrQ8J3V67jD2nxje8CVXrwG3oUIbPcybv2rxfQ==}
    engines: {node: '>=10'}
    cpu: [ia32]
    os: [win32]
    requiresBuild: true
    dev: true
    optional: true

  /@swc/core-win32-x64-msvc@1.4.6:
    resolution: {integrity: sha512-UagPb7w5V0uzWSjrXwOavGa7s9iv3wrVdEgWy+/inm0OwY4lj3zpK9qDnMWAwYLuFwkI3UG4Q3dH8wD+CUUcjw==}
    engines: {node: '>=10'}
    cpu: [x64]
    os: [win32]
    requiresBuild: true
    dev: true
    optional: true

  /@swc/core@1.4.6:
    resolution: {integrity: sha512-A7iK9+1qzTCIuc3IYcS8gPHCm9bZVKUJrfNnwveZYyo6OFp3jLno4WOM2yBy5uqedgYATEiWgBYHKq37KrU6IA==}
    engines: {node: '>=10'}
    requiresBuild: true
    peerDependencies:
      '@swc/helpers': ^0.5.0
    peerDependenciesMeta:
      '@swc/helpers':
        optional: true
    dependencies:
      '@swc/counter': 0.1.3
      '@swc/types': 0.1.5
    optionalDependencies:
      '@swc/core-darwin-arm64': 1.4.6
      '@swc/core-darwin-x64': 1.4.6
      '@swc/core-linux-arm-gnueabihf': 1.4.6
      '@swc/core-linux-arm64-gnu': 1.4.6
      '@swc/core-linux-arm64-musl': 1.4.6
      '@swc/core-linux-x64-gnu': 1.4.6
      '@swc/core-linux-x64-musl': 1.4.6
      '@swc/core-win32-arm64-msvc': 1.4.6
      '@swc/core-win32-ia32-msvc': 1.4.6
      '@swc/core-win32-x64-msvc': 1.4.6
    dev: true

  /@swc/counter@0.1.3:
    resolution: {integrity: sha512-e2BR4lsJkkRlKZ/qCHPw9ZaSxc0MVUd7gtbtaB7aMvHeJVYe8sOB8DBZkP2DtISHGSku9sCK6T6cnY0CtXrOCQ==}
    dev: true

  /@swc/types@0.1.5:
    resolution: {integrity: sha512-myfUej5naTBWnqOCc/MdVOLVjXUXtIA+NpDrDBKJtLLg2shUjBu3cZmB/85RyitKc55+lUUyl7oRfLOvkr2hsw==}
    dev: true

  /@tsconfig/node10@1.0.9:
    resolution: {integrity: sha512-jNsYVVxU8v5g43Erja32laIDHXeoNvFEpX33OK4d6hljo3jDhCBDhx5dhCCTMWUojscpAagGiRkBKxpdl9fxqA==}
    dev: true

  /@tsconfig/node12@1.0.11:
    resolution: {integrity: sha512-cqefuRsh12pWyGsIoBKJA9luFu3mRxCA+ORZvA4ktLSzIuCUtWVxGIuXigEwO5/ywWFMZ2QEGKWvkZG1zDMTag==}
    dev: true

  /@tsconfig/node14@1.0.3:
    resolution: {integrity: sha512-ysT8mhdixWK6Hw3i1V2AeRqZ5WfXg1G43mqoYlM2nc6388Fq5jcXyr5mRsqViLx/GJYdoL0bfXD8nmF+Zn/Iow==}
    dev: true

  /@tsconfig/node16@1.0.4:
    resolution: {integrity: sha512-vxhUy4J8lyeyinH7Azl1pdd43GJhZH/tP2weN8TntQblOY+A0XbT8DJk1/oCPuOOyg/Ja757rG0CgHcWC8OfMA==}
    dev: true

  /@tsconfig/node18@18.2.2:
    resolution: {integrity: sha512-d6McJeGsuoRlwWZmVIeE8CUA27lu6jLjvv1JzqmpsytOYYbVi1tHZEnwCNVOXnj4pyLvneZlFlpXUK+X9wBWyw==}
    dev: true

  /@types/node@20.11.25:
    resolution: {integrity: sha512-TBHyJxk2b7HceLVGFcpAUjsa5zIdsPWlR6XHfyGzd0SFu+/NFgQgMAl96MSDZgQDvJAvV6BKsFOrt6zIL09JDw==}
    dependencies:
      undici-types: 5.26.5
    dev: true

  /acorn-walk@8.3.2:
    resolution: {integrity: sha512-cjkyv4OtNCIeqhHrfS81QWXoCBPExR/J62oyEqepVw8WaQeSqpW2uhuLPh1m9eWhDuOo/jUXVTlifvesOWp/4A==}
    engines: {node: '>=0.4.0'}
    dev: true

  /acorn@8.11.3:
    resolution: {integrity: sha512-Y9rRfJG5jcKOE0CLisYbojUjIrIEE7AGMzA/Sm4BslANhbS+cDMpgBdcPT91oJ7OuJ9hYJBx59RjbhxVnrF8Xg==}
    engines: {node: '>=0.4.0'}
    hasBin: true
    dev: true

  /arg@4.1.3:
    resolution: {integrity: sha512-58S9QDqG0Xx27YwPSt9fJxivjYl432YCwfDMfZ+71RAqUrZef7LrKQZ3LHLOwCS4FLNBplP533Zx895SeOCHvA==}
    dev: true

  /buffer-from@1.1.2:
    resolution: {integrity: sha512-E+XQCRwSbaaiChtv6k6Dwgc+bx+Bs6vuKJHHl5kox/BaKbhiXzqQOwK4cO22yElGp2OCmjwVhT3HmxgyPGnJfQ==}
    dev: true

  /colorette@2.0.20:
    resolution: {integrity: sha512-IfEDxwoWIjkeXL1eXcDiow4UbKjhLdq6/EuSVR9GMN7KVH3r9gQ83e73hsz1Nd1T3ijd5xv1wcWRYO+D6kCI2w==}
    dev: true

  /create-require@1.1.1:
    resolution: {integrity: sha512-dcKFX3jn0MpIaXjisoRvexIJVEKzaq7z2rZKxf+MSr9TkdmHmsU4m2lcLojrj/FHl8mk5VxMmYA+ftRkP/3oKQ==}
    dev: true

  /debug@4.3.4:
    resolution: {integrity: sha512-PRWFHuSU3eDtQJPvnNY7Jcket1j0t5OuOsFzPPzsekD52Zl8qUfFIPEiswXqIvHWGVHOgX+7G/vCNNhehwxfkQ==}
    engines: {node: '>=6.0'}
    peerDependencies:
      supports-color: '*'
    peerDependenciesMeta:
      supports-color:
        optional: true
    dependencies:
      ms: 2.1.2
    dev: true

  /diff@4.0.2:
    resolution: {integrity: sha512-58lmxKSA4BNyLz+HHMUzlOEpg09FV+ev6ZMe3vJihgdxzgcwZ8VoEEPmALCZG9LmqfVoNMMKpttIYTVG6uDY7A==}
    engines: {node: '>=0.3.1'}
    dev: true

  /make-error@1.3.6:
    resolution: {integrity: sha512-s8UhlNe7vPKomQhC1qFelMokr/Sc3AgNbso3n74mVPA5LTZwkB9NlXf4XPamLxJE8h0gh73rM94xvwRT2CVInw==}
    dev: true

  /ms@2.1.2:
    resolution: {integrity: sha512-sGkPx+VjMtmA6MX27oA4FBFELFCZZ4S4XqeGOXCv68tT+jb3vk/RyaKWP0PTKyWtmLSM0b+adUTEvbs1PEaH2w==}
    dev: true

  /pirates@4.0.6:
    resolution: {integrity: sha512-saLsH7WeYYPiD25LDuLRRY/i+6HaPYr6G1OUlN39otzkSTxKnubR9RTxS3/Kk50s1g2JTgFwWQDQyplC5/SHZg==}
    engines: {node: '>= 6'}
    dev: true

  /source-map-support@0.5.21:
    resolution: {integrity: sha512-uBHU3L3czsIyYXKX88fdrGovxdSCoTGDRZ6SYXtSRxLZUzHg5P/66Ht6uoUlHu9EZod+inXhKo3qQgwXUT/y1w==}
    dependencies:
      buffer-from: 1.1.2
      source-map: 0.6.1
    dev: true

  /source-map@0.6.1:
    resolution: {integrity: sha512-UjgapumWlbMhkBgzT7Ykc5YXUT46F0iKu8SGXq0bcwP5dz/h0Plj6enJqjz1Zbq2l5WaqYnrVbwWOWMyF3F47g==}
    engines: {node: '>=0.10.0'}
    dev: true

  /ts-node@10.9.2(@swc/core@1.4.6)(@types/node@20.11.25)(typescript@5.4.2):
    resolution: {integrity: sha512-f0FFpIdcHgn8zcPSbf1dRevwt047YMnaiJM3u2w2RewrB+fob/zePZcrOyQoLMMO7aBIddLcQIEK5dYjkLnGrQ==}
    hasBin: true
    peerDependencies:
      '@swc/core': '>=1.2.50'
      '@swc/wasm': '>=1.2.50'
      '@types/node': '*'
      typescript: '>=2.7'
    peerDependenciesMeta:
      '@swc/core':
        optional: true
      '@swc/wasm':
        optional: true
    dependencies:
      '@cspotcode/source-map-support': 0.8.1
      '@swc/core': 1.4.6
      '@tsconfig/node10': 1.0.9
      '@tsconfig/node12': 1.0.11
      '@tsconfig/node14': 1.0.3
      '@tsconfig/node16': 1.0.4
      '@types/node': 20.11.25
      acorn: 8.11.3
      acorn-walk: 8.3.2
      arg: 4.1.3
      create-require: 1.1.1
      diff: 4.0.2
      make-error: 1.3.6
      typescript: 5.4.2
      v8-compile-cache-lib: 3.0.1
      yn: 3.1.1
    dev: true

  /tslib@2.6.2:
    resolution: {integrity: sha512-AEYxH93jGFPn/a2iVAwW87VuUIkR1FVUKB77NwMF7nBTDkDrrT/Hpt/IrCJ0QXhW27jTBDcf5ZY7w6RiqTMw2Q==}
    dev: true

  /typescript@5.4.2:
    resolution: {integrity: sha512-+2/g0Fds1ERlP6JsakQQDXjZdZMM+rqpamFZJEKh4kwTIn3iDkgKtby0CeNd5ATNZ4Ry1ax15TMx0W2V+miizQ==}
    engines: {node: '>=14.17'}
    hasBin: true
    dev: true

  /undici-types@5.26.5:
    resolution: {integrity: sha512-JlCMO+ehdEIKqlFxk6IfVoAUVmgz7cU7zD/h9XZ0qzeosSHmUJVOzSQvvYSYWXkFXC+IfLKSIffhv0sVZup6pA==}
    dev: true

  /v8-compile-cache-lib@3.0.1:
    resolution: {integrity: sha512-wa7YjyUGfNZngI/vtK0UHAN+lgDCxBPCylVXGp0zu59Fz5aiGtNXaq3DhIov063MorB+VfufLh3JlF2KdTK3xg==}
    dev: true

  /yn@3.1.1:
    resolution: {integrity: sha512-Ux4ygGWsu2c7isFWe8Yu1YluJmqVhxqK2cLXNQA5AcC3QfbGNpM7fu0Y8b/z16pXLnFxZYvWhd3fhBY9DLmC6Q==}
    engines: {node: '>=6'}
    dev: true

  /zod@3.22.4:
    resolution: {integrity: sha512-iC+8Io04lddc+mVqQ9AZ7OQ2MrUKGN+oIQyq1vemgt46jwCwLfhq7/pwnBnNXXXZb8VTVLKwp9EDkx+ryxIWmg==}
    dev: false
